// !$*UTF8*$!
{
	archiveVersion = 1;
	classes = {
	};
	objectVersion = 56;
	objects = {

/* Begin PBXBuildFile section */
		F31D8B94297063940072A5DF /* SplashyApp.swift in Sources */ = {isa = PBXBuildFile; fileRef = F31D8B93297063940072A5DF /* SplashyApp.swift */; };
		F31D8B98297063970072A5DF /* Assets.xcassets in Resources */ = {isa = PBXBuildFile; fileRef = F31D8B97297063970072A5DF /* Assets.xcassets */; };
		F31D8B9B297063970072A5DF /* Preview Assets.xcassets in Resources */ = {isa = PBXBuildFile; fileRef = F31D8B9A297063970072A5DF /* Preview Assets.xcassets */; };
		F31D8BAF297063970072A5DF /* SplashyUITests.swift in Sources */ = {isa = PBXBuildFile; fileRef = F31D8BAE297063970072A5DF /* SplashyUITests.swift */; };
		F31D8BB1297063970072A5DF /* SplashyUITestsLaunchTests.swift in Sources */ = {isa = PBXBuildFile; fileRef = F31D8BB0297063970072A5DF /* SplashyUITestsLaunchTests.swift */; };
		F31D8BC12970731C0072A5DF /* PhotoSearch.swift in Sources */ = {isa = PBXBuildFile; fileRef = F31D8BC02970731C0072A5DF /* PhotoSearch.swift */; };
		F31D8BC8297097BA0072A5DF /* API.swift in Sources */ = {isa = PBXBuildFile; fileRef = F31D8BC7297097BA0072A5DF /* API.swift */; };
		F31D8BCA297176A80072A5DF /* UnsplashAPI.swift in Sources */ = {isa = PBXBuildFile; fileRef = F31D8BC9297176A80072A5DF /* UnsplashAPI.swift */; };
		F31D8BCC297192550072A5DF /* Request.swift in Sources */ = {isa = PBXBuildFile; fileRef = F31D8BCB297192550072A5DF /* Request.swift */; };
		F31D8BD12971B0CC0072A5DF /* UnsplashModels.swift in Sources */ = {isa = PBXBuildFile; fileRef = F31D8BD02971B0CC0072A5DF /* UnsplashModels.swift */; };
		F39E14D72979D6EE00B7931E /* UnsplashError.swift in Sources */ = {isa = PBXBuildFile; fileRef = F39E14D62979D6ED00B7931E /* UnsplashError.swift */; };
		F39E14DA2979E19F00B7931E /* PhotoDetail.swift in Sources */ = {isa = PBXBuildFile; fileRef = F39E14D92979E19F00B7931E /* PhotoDetail.swift */; };
		F39E14DF297EA48500B7931E /* UserImage.swift in Sources */ = {isa = PBXBuildFile; fileRef = F39E14DE297EA48500B7931E /* UserImage.swift */; };
		F39E14E2297EC55700B7931E /* PhotoFavs.swift in Sources */ = {isa = PBXBuildFile; fileRef = F39E14E1297EC55700B7931E /* PhotoFavs.swift */; };
		F39E14E5297ECA4F00B7931E /* App.swift in Sources */ = {isa = PBXBuildFile; fileRef = F39E14E4297ECA4F00B7931E /* App.swift */; };
		F39E14E7297FE81500B7931E /* PhotoStore.swift in Sources */ = {isa = PBXBuildFile; fileRef = F39E14E6297FE81400B7931E /* PhotoStore.swift */; };
		F39E14EB297FEC3000B7931E /* FileStorage.swift in Sources */ = {isa = PBXBuildFile; fileRef = F39E14EA297FEC3000B7931E /* FileStorage.swift */; };
		F39E14ED297FEC6E00B7931E /* Storage.swift in Sources */ = {isa = PBXBuildFile; fileRef = F39E14EC297FEC6E00B7931E /* Storage.swift */; };
		F39E14EF297FED2200B7931E /* CodableStorage.swift in Sources */ = {isa = PBXBuildFile; fileRef = F39E14EE297FED2200B7931E /* CodableStorage.swift */; };
		F3D3AEC72976A7F700372A31 /* PhotoCell.swift in Sources */ = {isa = PBXBuildFile; fileRef = F3D3AEC62976A7F700372A31 /* PhotoCell.swift */; };
		F3D3AECB2976AB8400372A31 /* PhotoCellModelTests.swift in Sources */ = {isa = PBXBuildFile; fileRef = F3D3AECA2976AB8400372A31 /* PhotoCellModelTests.swift */; };
		F3D3AECD2976E90A00372A31 /* PhotoImage.swift in Sources */ = {isa = PBXBuildFile; fileRef = F3D3AECC2976E90A00372A31 /* PhotoImage.swift */; };
		F3D3AECF297812D200372A31 /* PhotoGrid.swift in Sources */ = {isa = PBXBuildFile; fileRef = F3D3AECE297812D100372A31 /* PhotoGrid.swift */; };
/* End PBXBuildFile section */

/* Begin PBXContainerItemProxy section */
		F31D8BA1297063970072A5DF /* PBXContainerItemProxy */ = {
			isa = PBXContainerItemProxy;
			containerPortal = F31D8B88297063940072A5DF /* Project object */;
			proxyType = 1;
			remoteGlobalIDString = F31D8B8F297063940072A5DF;
			remoteInfo = Splashy;
		};
		F31D8BAB297063970072A5DF /* PBXContainerItemProxy */ = {
			isa = PBXContainerItemProxy;
			containerPortal = F31D8B88297063940072A5DF /* Project object */;
			proxyType = 1;
			remoteGlobalIDString = F31D8B8F297063940072A5DF;
			remoteInfo = Splashy;
		};
/* End PBXContainerItemProxy section */

/* Begin PBXFileReference section */
		F31D8B90297063940072A5DF /* Splashy.app */ = {isa = PBXFileReference; explicitFileType = wrapper.application; includeInIndex = 0; path = Splashy.app; sourceTree = BUILT_PRODUCTS_DIR; };
		F31D8B93297063940072A5DF /* SplashyApp.swift */ = {isa = PBXFileReference; lastKnownFileType = sourcecode.swift; path = SplashyApp.swift; sourceTree = "<group>"; };
		F31D8B97297063970072A5DF /* Assets.xcassets */ = {isa = PBXFileReference; lastKnownFileType = folder.assetcatalog; path = Assets.xcassets; sourceTree = "<group>"; };
		F31D8B9A297063970072A5DF /* Preview Assets.xcassets */ = {isa = PBXFileReference; lastKnownFileType = folder.assetcatalog; path = "Preview Assets.xcassets"; sourceTree = "<group>"; };
		F31D8BA0297063970072A5DF /* SplashyTests.xctest */ = {isa = PBXFileReference; explicitFileType = wrapper.cfbundle; includeInIndex = 0; path = SplashyTests.xctest; sourceTree = BUILT_PRODUCTS_DIR; };
		F31D8BAA297063970072A5DF /* SplashyUITests.xctest */ = {isa = PBXFileReference; explicitFileType = wrapper.cfbundle; includeInIndex = 0; path = SplashyUITests.xctest; sourceTree = BUILT_PRODUCTS_DIR; };
		F31D8BAE297063970072A5DF /* SplashyUITests.swift */ = {isa = PBXFileReference; lastKnownFileType = sourcecode.swift; path = SplashyUITests.swift; sourceTree = "<group>"; };
		F31D8BB0297063970072A5DF /* SplashyUITestsLaunchTests.swift */ = {isa = PBXFileReference; lastKnownFileType = sourcecode.swift; path = SplashyUITestsLaunchTests.swift; sourceTree = "<group>"; };
		F31D8BC02970731C0072A5DF /* PhotoSearch.swift */ = {isa = PBXFileReference; lastKnownFileType = sourcecode.swift; path = PhotoSearch.swift; sourceTree = "<group>"; };
		F31D8BC7297097BA0072A5DF /* API.swift */ = {isa = PBXFileReference; lastKnownFileType = sourcecode.swift; path = API.swift; sourceTree = "<group>"; };
		F31D8BC9297176A80072A5DF /* UnsplashAPI.swift */ = {isa = PBXFileReference; lastKnownFileType = sourcecode.swift; path = UnsplashAPI.swift; sourceTree = "<group>"; };
		F31D8BCB297192550072A5DF /* Request.swift */ = {isa = PBXFileReference; lastKnownFileType = sourcecode.swift; path = Request.swift; sourceTree = "<group>"; };
		F31D8BD02971B0CC0072A5DF /* UnsplashModels.swift */ = {isa = PBXFileReference; lastKnownFileType = sourcecode.swift; path = UnsplashModels.swift; sourceTree = "<group>"; };
		F39E14D62979D6ED00B7931E /* UnsplashError.swift */ = {isa = PBXFileReference; lastKnownFileType = sourcecode.swift; path = UnsplashError.swift; sourceTree = "<group>"; };
		F39E14D92979E19F00B7931E /* PhotoDetail.swift */ = {isa = PBXFileReference; lastKnownFileType = sourcecode.swift; path = PhotoDetail.swift; sourceTree = "<group>"; };
		F39E14DE297EA48500B7931E /* UserImage.swift */ = {isa = PBXFileReference; lastKnownFileType = sourcecode.swift; path = UserImage.swift; sourceTree = "<group>"; };
		F39E14E1297EC55700B7931E /* PhotoFavs.swift */ = {isa = PBXFileReference; lastKnownFileType = sourcecode.swift; path = PhotoFavs.swift; sourceTree = "<group>"; };
		F39E14E4297ECA4F00B7931E /* App.swift */ = {isa = PBXFileReference; lastKnownFileType = sourcecode.swift; path = App.swift; sourceTree = "<group>"; };
		F39E14E6297FE81400B7931E /* PhotoStore.swift */ = {isa = PBXFileReference; lastKnownFileType = sourcecode.swift; path = PhotoStore.swift; sourceTree = "<group>"; };
		F39E14EA297FEC3000B7931E /* FileStorage.swift */ = {isa = PBXFileReference; lastKnownFileType = sourcecode.swift; path = FileStorage.swift; sourceTree = "<group>"; };
		F39E14EC297FEC6E00B7931E /* Storage.swift */ = {isa = PBXFileReference; lastKnownFileType = sourcecode.swift; path = Storage.swift; sourceTree = "<group>"; };
		F39E14EE297FED2200B7931E /* CodableStorage.swift */ = {isa = PBXFileReference; lastKnownFileType = sourcecode.swift; path = CodableStorage.swift; sourceTree = "<group>"; };
		F3D3AEC62976A7F700372A31 /* PhotoCell.swift */ = {isa = PBXFileReference; lastKnownFileType = sourcecode.swift; path = PhotoCell.swift; sourceTree = "<group>"; };
		F3D3AECA2976AB8400372A31 /* PhotoCellModelTests.swift */ = {isa = PBXFileReference; lastKnownFileType = sourcecode.swift; path = PhotoCellModelTests.swift; sourceTree = "<group>"; };
		F3D3AECC2976E90A00372A31 /* PhotoImage.swift */ = {isa = PBXFileReference; lastKnownFileType = sourcecode.swift; path = PhotoImage.swift; sourceTree = "<group>"; };
		F3D3AECE297812D100372A31 /* PhotoGrid.swift */ = {isa = PBXFileReference; lastKnownFileType = sourcecode.swift; path = PhotoGrid.swift; sourceTree = "<group>"; };
/* End PBXFileReference section */

/* Begin PBXFrameworksBuildPhase section */
		F31D8B8D297063940072A5DF /* Frameworks */ = {
			isa = PBXFrameworksBuildPhase;
			buildActionMask = 2147483647;
			files = (
			);
			runOnlyForDeploymentPostprocessing = 0;
		};
		F31D8B9D297063970072A5DF /* Frameworks */ = {
			isa = PBXFrameworksBuildPhase;
			buildActionMask = 2147483647;
			files = (
			);
			runOnlyForDeploymentPostprocessing = 0;
		};
		F31D8BA7297063970072A5DF /* Frameworks */ = {
			isa = PBXFrameworksBuildPhase;
			buildActionMask = 2147483647;
			files = (
			);
			runOnlyForDeploymentPostprocessing = 0;
		};
/* End PBXFrameworksBuildPhase section */

/* Begin PBXGroup section */
		F31D8B87297063940072A5DF = {
			isa = PBXGroup;
			children = (
				F31D8B92297063940072A5DF /* Splashy */,
				F31D8BA3297063970072A5DF /* SplashyTests */,
				F31D8BAD297063970072A5DF /* SplashyUITests */,
				F31D8B91297063940072A5DF /* Products */,
			);
			sourceTree = "<group>";
		};
		F31D8B91297063940072A5DF /* Products */ = {
			isa = PBXGroup;
			children = (
				F31D8B90297063940072A5DF /* Splashy.app */,
				F31D8BA0297063970072A5DF /* SplashyTests.xctest */,
				F31D8BAA297063970072A5DF /* SplashyUITests.xctest */,
			);
			name = Products;
			sourceTree = "<group>";
		};
		F31D8B92297063940072A5DF /* Splashy */ = {
			isa = PBXGroup;
			children = (
				F31D8BBD29706D2E0072A5DF /* App */,
				F39E14E9297FEC0700B7931E /* Shared */,
				F31D8BBE29706D7C0072A5DF /* Features */,
				F31D8BBF29706D980072A5DF /* Resources */,
				F31D8B99297063970072A5DF /* Preview Content */,
			);
			path = Splashy;
			sourceTree = "<group>";
		};
		F31D8B99297063970072A5DF /* Preview Content */ = {
			isa = PBXGroup;
			children = (
				F31D8B9A297063970072A5DF /* Preview Assets.xcassets */,
			);
			path = "Preview Content";
			sourceTree = "<group>";
		};
		F31D8BA3297063970072A5DF /* SplashyTests */ = {
			isa = PBXGroup;
			children = (
				F3D3AECA2976AB8400372A31 /* PhotoCellModelTests.swift */,
			);
			path = SplashyTests;
			sourceTree = "<group>";
		};
		F31D8BAD297063970072A5DF /* SplashyUITests */ = {
			isa = PBXGroup;
			children = (
				F31D8BAE297063970072A5DF /* SplashyUITests.swift */,
				F31D8BB0297063970072A5DF /* SplashyUITestsLaunchTests.swift */,
			);
			path = SplashyUITests;
			sourceTree = "<group>";
		};
		F31D8BBD29706D2E0072A5DF /* App */ = {
			isa = PBXGroup;
			children = (
				F31D8B93297063940072A5DF /* SplashyApp.swift */,
			);
			path = App;
			sourceTree = "<group>";
		};
		F31D8BBE29706D7C0072A5DF /* Features */ = {
			isa = PBXGroup;
			children = (
				F39E14E3297ECA3100B7931E /* App */,
				F31D8BC4297073500072A5DF /* PhotoSearch */,
				F31D8BC5297073640072A5DF /* PhotoGrid */,
				F39E14D82979E18500B7931E /* PhotoDetail */,
				F39E14E0297EC53100B7931E /* PhotoFavs */,
				F39E14DD297ADE7D00B7931E /* Components */,
			);
			path = Features;
			sourceTree = "<group>";
		};
		F31D8BBF29706D980072A5DF /* Resources */ = {
			isa = PBXGroup;
			children = (
				F31D8B97297063970072A5DF /* Assets.xcassets */,
			);
			path = Resources;
			sourceTree = "<group>";
		};
		F31D8BC4297073500072A5DF /* PhotoSearch */ = {
			isa = PBXGroup;
			children = (
				F31D8BC02970731C0072A5DF /* PhotoSearch.swift */,
			);
			path = PhotoSearch;
			sourceTree = "<group>";
		};
		F31D8BC5297073640072A5DF /* PhotoGrid */ = {
			isa = PBXGroup;
			children = (
				F3D3AECE297812D100372A31 /* PhotoGrid.swift */,
				F3D3AEC62976A7F700372A31 /* PhotoCell.swift */,
			);
			path = PhotoGrid;
			sourceTree = "<group>";
		};
		F31D8BC6297097A40072A5DF /* Networking */ = {
			isa = PBXGroup;
			children = (
				F31D8BC7297097BA0072A5DF /* API.swift */,
				F31D8BCB297192550072A5DF /* Request.swift */,
			);
			path = Networking;
			sourceTree = "<group>";
		};
		F31D8BCF2971B0A50072A5DF /* Unsplash */ = {
			isa = PBXGroup;
			children = (
				F31D8BC9297176A80072A5DF /* UnsplashAPI.swift */,
				F31D8BD02971B0CC0072A5DF /* UnsplashModels.swift */,
				F39E14D62979D6ED00B7931E /* UnsplashError.swift */,
			);
			path = Unsplash;
			sourceTree = "<group>";
		};
		F39E14D82979E18500B7931E /* PhotoDetail */ = {
			isa = PBXGroup;
			children = (
				F39E14D92979E19F00B7931E /* PhotoDetail.swift */,
			);
			path = PhotoDetail;
			sourceTree = "<group>";
		};
		F39E14DD297ADE7D00B7931E /* Components */ = {
			isa = PBXGroup;
			children = (
				F3D3AECC2976E90A00372A31 /* PhotoImage.swift */,
				F39E14DE297EA48500B7931E /* UserImage.swift */,
			);
			path = Components;
			sourceTree = "<group>";
		};
		F39E14E0297EC53100B7931E /* PhotoFavs */ = {
			isa = PBXGroup;
			children = (
				F39E14E1297EC55700B7931E /* PhotoFavs.swift */,
			);
			path = PhotoFavs;
			sourceTree = "<group>";
		};
		F39E14E3297ECA3100B7931E /* App */ = {
			isa = PBXGroup;
			children = (
				F39E14E4297ECA4F00B7931E /* App.swift */,
			);
			path = App;
			sourceTree = "<group>";
		};
		F39E14E8297FEBF500B7931E /* Cache */ = {
			isa = PBXGroup;
			children = (
				F39E14EC297FEC6E00B7931E /* Storage.swift */,
				F39E14EA297FEC3000B7931E /* FileStorage.swift */,
				F39E14EE297FED2200B7931E /* CodableStorage.swift */,
				F39E14E6297FE81400B7931E /* PhotoStore.swift */,
			);
			path = Cache;
			sourceTree = "<group>";
		};
		F39E14E9297FEC0700B7931E /* Shared */ = {
			isa = PBXGroup;
			children = (
				F31D8BC6297097A40072A5DF /* Networking */,
				F31D8BCF2971B0A50072A5DF /* Unsplash */,
				F39E14E8297FEBF500B7931E /* Cache */,
			);
			path = Shared;
			sourceTree = "<group>";
		};
/* End PBXGroup section */

/* Begin PBXNativeTarget section */
		F31D8B8F297063940072A5DF /* Splashy */ = {
			isa = PBXNativeTarget;
			buildConfigurationList = F31D8BB4297063970072A5DF /* Build configuration list for PBXNativeTarget "Splashy" */;
			buildPhases = (
				F31D8B8C297063940072A5DF /* Sources */,
				F31D8B8D297063940072A5DF /* Frameworks */,
				F31D8B8E297063940072A5DF /* Resources */,
			);
			buildRules = (
			);
			dependencies = (
			);
			name = Splashy;
			productName = Splashy;
			productReference = F31D8B90297063940072A5DF /* Splashy.app */;
			productType = "com.apple.product-type.application";
		};
		F31D8B9F297063970072A5DF /* SplashyTests */ = {
			isa = PBXNativeTarget;
			buildConfigurationList = F31D8BB7297063970072A5DF /* Build configuration list for PBXNativeTarget "SplashyTests" */;
			buildPhases = (
				F31D8B9C297063970072A5DF /* Sources */,
				F31D8B9D297063970072A5DF /* Frameworks */,
				F31D8B9E297063970072A5DF /* Resources */,
			);
			buildRules = (
			);
			dependencies = (
				F31D8BA2297063970072A5DF /* PBXTargetDependency */,
			);
			name = SplashyTests;
			productName = SplashyTests;
			productReference = F31D8BA0297063970072A5DF /* SplashyTests.xctest */;
			productType = "com.apple.product-type.bundle.unit-test";
		};
		F31D8BA9297063970072A5DF /* SplashyUITests */ = {
			isa = PBXNativeTarget;
			buildConfigurationList = F31D8BBA297063970072A5DF /* Build configuration list for PBXNativeTarget "SplashyUITests" */;
			buildPhases = (
				F31D8BA6297063970072A5DF /* Sources */,
				F31D8BA7297063970072A5DF /* Frameworks */,
				F31D8BA8297063970072A5DF /* Resources */,
			);
			buildRules = (
			);
			dependencies = (
				F31D8BAC297063970072A5DF /* PBXTargetDependency */,
			);
			name = SplashyUITests;
			productName = SplashyUITests;
			productReference = F31D8BAA297063970072A5DF /* SplashyUITests.xctest */;
			productType = "com.apple.product-type.bundle.ui-testing";
		};
/* End PBXNativeTarget section */

/* Begin PBXProject section */
		F31D8B88297063940072A5DF /* Project object */ = {
			isa = PBXProject;
			attributes = {
				BuildIndependentTargetsInParallel = 1;
				LastSwiftUpdateCheck = 1420;
				LastUpgradeCheck = 1420;
				TargetAttributes = {
					F31D8B8F297063940072A5DF = {
						CreatedOnToolsVersion = 14.2;
					};
					F31D8B9F297063970072A5DF = {
						CreatedOnToolsVersion = 14.2;
						TestTargetID = F31D8B8F297063940072A5DF;
					};
					F31D8BA9297063970072A5DF = {
						CreatedOnToolsVersion = 14.2;
						TestTargetID = F31D8B8F297063940072A5DF;
					};
				};
			};
			buildConfigurationList = F31D8B8B297063940072A5DF /* Build configuration list for PBXProject "Splashy" */;
			compatibilityVersion = "Xcode 14.0";
			developmentRegion = en;
			hasScannedForEncodings = 0;
			knownRegions = (
				en,
				Base,
			);
			mainGroup = F31D8B87297063940072A5DF;
			productRefGroup = F31D8B91297063940072A5DF /* Products */;
			projectDirPath = "";
			projectRoot = "";
			targets = (
				F31D8B8F297063940072A5DF /* Splashy */,
				F31D8B9F297063970072A5DF /* SplashyTests */,
				F31D8BA9297063970072A5DF /* SplashyUITests */,
			);
		};
/* End PBXProject section */

/* Begin PBXResourcesBuildPhase section */
		F31D8B8E297063940072A5DF /* Resources */ = {
			isa = PBXResourcesBuildPhase;
			buildActionMask = 2147483647;
			files = (
				F31D8B9B297063970072A5DF /* Preview Assets.xcassets in Resources */,
				F31D8B98297063970072A5DF /* Assets.xcassets in Resources */,
			);
			runOnlyForDeploymentPostprocessing = 0;
		};
		F31D8B9E297063970072A5DF /* Resources */ = {
			isa = PBXResourcesBuildPhase;
			buildActionMask = 2147483647;
			files = (
			);
			runOnlyForDeploymentPostprocessing = 0;
		};
		F31D8BA8297063970072A5DF /* Resources */ = {
			isa = PBXResourcesBuildPhase;
			buildActionMask = 2147483647;
			files = (
			);
			runOnlyForDeploymentPostprocessing = 0;
		};
/* End PBXResourcesBuildPhase section */

/* Begin PBXSourcesBuildPhase section */
		F31D8B8C297063940072A5DF /* Sources */ = {
			isa = PBXSourcesBuildPhase;
			buildActionMask = 2147483647;
			files = (
				F31D8BD12971B0CC0072A5DF /* UnsplashModels.swift in Sources */,
				F39E14D72979D6EE00B7931E /* UnsplashError.swift in Sources */,
				F31D8BC12970731C0072A5DF /* PhotoSearch.swift in Sources */,
				F3D3AECF297812D200372A31 /* PhotoGrid.swift in Sources */,
				F3D3AECD2976E90A00372A31 /* PhotoImage.swift in Sources */,
				F39E14E7297FE81500B7931E /* PhotoStore.swift in Sources */,
				F39E14E5297ECA4F00B7931E /* App.swift in Sources */,
				F31D8BCA297176A80072A5DF /* UnsplashAPI.swift in Sources */,
				F39E14DF297EA48500B7931E /* UserImage.swift in Sources */,
				F39E14E2297EC55700B7931E /* PhotoFavs.swift in Sources */,
				F39E14EF297FED2200B7931E /* CodableStorage.swift in Sources */,
				F31D8BCC297192550072A5DF /* Request.swift in Sources */,
				F3D3AEC72976A7F700372A31 /* PhotoCell.swift in Sources */,
				F39E14EB297FEC3000B7931E /* FileStorage.swift in Sources */,
				F31D8B94297063940072A5DF /* SplashyApp.swift in Sources */,
				F39E14DA2979E19F00B7931E /* PhotoDetail.swift in Sources */,
				F39E14ED297FEC6E00B7931E /* Storage.swift in Sources */,
				F31D8BC8297097BA0072A5DF /* API.swift in Sources */,
			);
			runOnlyForDeploymentPostprocessing = 0;
		};
		F31D8B9C297063970072A5DF /* Sources */ = {
			isa = PBXSourcesBuildPhase;
			buildActionMask = 2147483647;
			files = (
				F3D3AECB2976AB8400372A31 /* PhotoCellModelTests.swift in Sources */,
			);
			runOnlyForDeploymentPostprocessing = 0;
		};
		F31D8BA6297063970072A5DF /* Sources */ = {
			isa = PBXSourcesBuildPhase;
			buildActionMask = 2147483647;
			files = (
				F31D8BAF297063970072A5DF /* SplashyUITests.swift in Sources */,
				F31D8BB1297063970072A5DF /* SplashyUITestsLaunchTests.swift in Sources */,
			);
			runOnlyForDeploymentPostprocessing = 0;
		};
/* End PBXSourcesBuildPhase section */

/* Begin PBXTargetDependency section */
		F31D8BA2297063970072A5DF /* PBXTargetDependency */ = {
			isa = PBXTargetDependency;
			target = F31D8B8F297063940072A5DF /* Splashy */;
			targetProxy = F31D8BA1297063970072A5DF /* PBXContainerItemProxy */;
		};
		F31D8BAC297063970072A5DF /* PBXTargetDependency */ = {
			isa = PBXTargetDependency;
			target = F31D8B8F297063940072A5DF /* Splashy */;
			targetProxy = F31D8BAB297063970072A5DF /* PBXContainerItemProxy */;
		};
/* End PBXTargetDependency section */

/* Begin XCBuildConfiguration section */
		F31D8BB2297063970072A5DF /* Debug */ = {
			isa = XCBuildConfiguration;
			buildSettings = {
				ALWAYS_SEARCH_USER_PATHS = NO;
				CLANG_ANALYZER_NONNULL = YES;
				CLANG_ANALYZER_NUMBER_OBJECT_CONVERSION = YES_AGGRESSIVE;
				CLANG_CXX_LANGUAGE_STANDARD = "gnu++20";
				CLANG_ENABLE_MODULES = YES;
				CLANG_ENABLE_OBJC_ARC = YES;
				CLANG_ENABLE_OBJC_WEAK = YES;
				CLANG_WARN_BLOCK_CAPTURE_AUTORELEASING = YES;
				CLANG_WARN_BOOL_CONVERSION = YES;
				CLANG_WARN_COMMA = YES;
				CLANG_WARN_CONSTANT_CONVERSION = YES;
				CLANG_WARN_DEPRECATED_OBJC_IMPLEMENTATIONS = YES;
				CLANG_WARN_DIRECT_OBJC_ISA_USAGE = YES_ERROR;
				CLANG_WARN_DOCUMENTATION_COMMENTS = YES;
				CLANG_WARN_EMPTY_BODY = YES;
				CLANG_WARN_ENUM_CONVERSION = YES;
				CLANG_WARN_INFINITE_RECURSION = YES;
				CLANG_WARN_INT_CONVERSION = YES;
				CLANG_WARN_NON_LITERAL_NULL_CONVERSION = YES;
				CLANG_WARN_OBJC_IMPLICIT_RETAIN_SELF = YES;
				CLANG_WARN_OBJC_LITERAL_CONVERSION = YES;
				CLANG_WARN_OBJC_ROOT_CLASS = YES_ERROR;
				CLANG_WARN_QUOTED_INCLUDE_IN_FRAMEWORK_HEADER = YES;
				CLANG_WARN_RANGE_LOOP_ANALYSIS = YES;
				CLANG_WARN_STRICT_PROTOTYPES = YES;
				CLANG_WARN_SUSPICIOUS_MOVE = YES;
				CLANG_WARN_UNGUARDED_AVAILABILITY = YES_AGGRESSIVE;
				CLANG_WARN_UNREACHABLE_CODE = YES;
				CLANG_WARN__DUPLICATE_METHOD_MATCH = YES;
				COPY_PHASE_STRIP = NO;
				DEBUG_INFORMATION_FORMAT = dwarf;
				ENABLE_STRICT_OBJC_MSGSEND = YES;
				ENABLE_TESTABILITY = YES;
				GCC_C_LANGUAGE_STANDARD = gnu11;
				GCC_DYNAMIC_NO_PIC = NO;
				GCC_NO_COMMON_BLOCKS = YES;
				GCC_OPTIMIZATION_LEVEL = 0;
				GCC_PREPROCESSOR_DEFINITIONS = (
					"DEBUG=1",
					"$(inherited)",
				);
				GCC_WARN_64_TO_32_BIT_CONVERSION = YES;
				GCC_WARN_ABOUT_RETURN_TYPE = YES_ERROR;
				GCC_WARN_UNDECLARED_SELECTOR = YES;
				GCC_WARN_UNINITIALIZED_AUTOS = YES_AGGRESSIVE;
				GCC_WARN_UNUSED_FUNCTION = YES;
				GCC_WARN_UNUSED_VARIABLE = YES;
				IPHONEOS_DEPLOYMENT_TARGET = 16.2;
				MTL_ENABLE_DEBUG_INFO = INCLUDE_SOURCE;
				MTL_FAST_MATH = YES;
				ONLY_ACTIVE_ARCH = YES;
				SDKROOT = iphoneos;
				SWIFT_ACTIVE_COMPILATION_CONDITIONS = DEBUG;
				SWIFT_OPTIMIZATION_LEVEL = "-Onone";
			};
			name = Debug;
		};
		F31D8BB3297063970072A5DF /* Release */ = {
			isa = XCBuildConfiguration;
			buildSettings = {
				ALWAYS_SEARCH_USER_PATHS = NO;
				CLANG_ANALYZER_NONNULL = YES;
				CLANG_ANALYZER_NUMBER_OBJECT_CONVERSION = YES_AGGRESSIVE;
				CLANG_CXX_LANGUAGE_STANDARD = "gnu++20";
				CLANG_ENABLE_MODULES = YES;
				CLANG_ENABLE_OBJC_ARC = YES;
				CLANG_ENABLE_OBJC_WEAK = YES;
				CLANG_WARN_BLOCK_CAPTURE_AUTORELEASING = YES;
				CLANG_WARN_BOOL_CONVERSION = YES;
				CLANG_WARN_COMMA = YES;
				CLANG_WARN_CONSTANT_CONVERSION = YES;
				CLANG_WARN_DEPRECATED_OBJC_IMPLEMENTATIONS = YES;
				CLANG_WARN_DIRECT_OBJC_ISA_USAGE = YES_ERROR;
				CLANG_WARN_DOCUMENTATION_COMMENTS = YES;
				CLANG_WARN_EMPTY_BODY = YES;
				CLANG_WARN_ENUM_CONVERSION = YES;
				CLANG_WARN_INFINITE_RECURSION = YES;
				CLANG_WARN_INT_CONVERSION = YES;
				CLANG_WARN_NON_LITERAL_NULL_CONVERSION = YES;
				CLANG_WARN_OBJC_IMPLICIT_RETAIN_SELF = YES;
				CLANG_WARN_OBJC_LITERAL_CONVERSION = YES;
				CLANG_WARN_OBJC_ROOT_CLASS = YES_ERROR;
				CLANG_WARN_QUOTED_INCLUDE_IN_FRAMEWORK_HEADER = YES;
				CLANG_WARN_RANGE_LOOP_ANALYSIS = YES;
				CLANG_WARN_STRICT_PROTOTYPES = YES;
				CLANG_WARN_SUSPICIOUS_MOVE = YES;
				CLANG_WARN_UNGUARDED_AVAILABILITY = YES_AGGRESSIVE;
				CLANG_WARN_UNREACHABLE_CODE = YES;
				CLANG_WARN__DUPLICATE_METHOD_MATCH = YES;
				COPY_PHASE_STRIP = NO;
				DEBUG_INFORMATION_FORMAT = "dwarf-with-dsym";
				ENABLE_NS_ASSERTIONS = NO;
				ENABLE_STRICT_OBJC_MSGSEND = YES;
				GCC_C_LANGUAGE_STANDARD = gnu11;
				GCC_NO_COMMON_BLOCKS = YES;
				GCC_WARN_64_TO_32_BIT_CONVERSION = YES;
				GCC_WARN_ABOUT_RETURN_TYPE = YES_ERROR;
				GCC_WARN_UNDECLARED_SELECTOR = YES;
				GCC_WARN_UNINITIALIZED_AUTOS = YES_AGGRESSIVE;
				GCC_WARN_UNUSED_FUNCTION = YES;
				GCC_WARN_UNUSED_VARIABLE = YES;
				IPHONEOS_DEPLOYMENT_TARGET = 16.2;
				MTL_ENABLE_DEBUG_INFO = NO;
				MTL_FAST_MATH = YES;
				SDKROOT = iphoneos;
				SWIFT_COMPILATION_MODE = wholemodule;
				SWIFT_OPTIMIZATION_LEVEL = "-O";
				VALIDATE_PRODUCT = YES;
			};
			name = Release;
		};
		F31D8BB5297063970072A5DF /* Debug */ = {
			isa = XCBuildConfiguration;
			buildSettings = {
				ASSETCATALOG_COMPILER_APPICON_NAME = AppIcon;
				ASSETCATALOG_COMPILER_GLOBAL_ACCENT_COLOR_NAME = AccentColor;
				CODE_SIGN_STYLE = Automatic;
				CURRENT_PROJECT_VERSION = 1;
				DEVELOPMENT_ASSET_PATHS = "\"Splashy/Preview Content\"";
				ENABLE_PREVIEWS = YES;
				GENERATE_INFOPLIST_FILE = YES;
				INFOPLIST_KEY_UIApplicationSceneManifest_Generation = YES;
				INFOPLIST_KEY_UIApplicationSupportsIndirectInputEvents = YES;
				INFOPLIST_KEY_UILaunchScreen_Generation = YES;
				INFOPLIST_KEY_UISupportedInterfaceOrientations_iPad = "UIInterfaceOrientationPortrait UIInterfaceOrientationPortraitUpsideDown UIInterfaceOrientationLandscapeLeft UIInterfaceOrientationLandscapeRight";
				INFOPLIST_KEY_UISupportedInterfaceOrientations_iPhone = "UIInterfaceOrientationPortrait UIInterfaceOrientationLandscapeLeft UIInterfaceOrientationLandscapeRight";
				LD_RUNPATH_SEARCH_PATHS = (
					"$(inherited)",
					"@executable_path/Frameworks",
				);
				MARKETING_VERSION = 1.0;
				PRODUCT_BUNDLE_IDENTIFIER = com.madebyhive.Splashy;
				PRODUCT_NAME = "$(TARGET_NAME)";
				SWIFT_EMIT_LOC_STRINGS = YES;
				SWIFT_VERSION = 5.0;
				TARGETED_DEVICE_FAMILY = "1,2";
			};
			name = Debug;
		};
		F31D8BB6297063970072A5DF /* Release */ = {
			isa = XCBuildConfiguration;
			buildSettings = {
				ASSETCATALOG_COMPILER_APPICON_NAME = AppIcon;
				ASSETCATALOG_COMPILER_GLOBAL_ACCENT_COLOR_NAME = AccentColor;
				CODE_SIGN_STYLE = Automatic;
				CURRENT_PROJECT_VERSION = 1;
				DEVELOPMENT_ASSET_PATHS = "\"Splashy/Preview Content\"";
				ENABLE_PREVIEWS = YES;
				GENERATE_INFOPLIST_FILE = YES;
				INFOPLIST_KEY_UIApplicationSceneManifest_Generation = YES;
				INFOPLIST_KEY_UIApplicationSupportsIndirectInputEvents = YES;
				INFOPLIST_KEY_UILaunchScreen_Generation = YES;
				INFOPLIST_KEY_UISupportedInterfaceOrientations_iPad = "UIInterfaceOrientationPortrait UIInterfaceOrientationPortraitUpsideDown UIInterfaceOrientationLandscapeLeft UIInterfaceOrientationLandscapeRight";
				INFOPLIST_KEY_UISupportedInterfaceOrientations_iPhone = "UIInterfaceOrientationPortrait UIInterfaceOrientationLandscapeLeft UIInterfaceOrientationLandscapeRight";
				LD_RUNPATH_SEARCH_PATHS = (
					"$(inherited)",
					"@executable_path/Frameworks",
				);
				MARKETING_VERSION = 1.0;
				PRODUCT_BUNDLE_IDENTIFIER = com.madebyhive.Splashy;
				PRODUCT_NAME = "$(TARGET_NAME)";
				SWIFT_EMIT_LOC_STRINGS = YES;
				SWIFT_VERSION = 5.0;
				TARGETED_DEVICE_FAMILY = "1,2";
			};
			name = Release;
		};
		F31D8BB8297063970072A5DF /* Debug */ = {
			isa = XCBuildConfiguration;
			buildSettings = {
				ALWAYS_EMBED_SWIFT_STANDARD_LIBRARIES = YES;
				BUNDLE_LOADER = "$(TEST_HOST)";
				CODE_SIGN_STYLE = Automatic;
				CURRENT_PROJECT_VERSION = 1;
				GENERATE_INFOPLIST_FILE = YES;
				IPHONEOS_DEPLOYMENT_TARGET = 16.2;
				MARKETING_VERSION = 1.0;
				PRODUCT_BUNDLE_IDENTIFIER = com.madebyhive.SplashyTests;
				PRODUCT_NAME = "$(TARGET_NAME)";
				SWIFT_EMIT_LOC_STRINGS = NO;
				SWIFT_VERSION = 5.0;
				TARGETED_DEVICE_FAMILY = "1,2";
				TEST_HOST = "$(BUILT_PRODUCTS_DIR)/Splashy.app/$(BUNDLE_EXECUTABLE_FOLDER_PATH)/Splashy";
			};
			name = Debug;
		};
		F31D8BB9297063970072A5DF /* Release */ = {
			isa = XCBuildConfiguration;
			buildSettings = {
				ALWAYS_EMBED_SWIFT_STANDARD_LIBRARIES = YES;
				BUNDLE_LOADER = "$(TEST_HOST)";
				CODE_SIGN_STYLE = Automatic;
				CURRENT_PROJECT_VERSION = 1;
				GENERATE_INFOPLIST_FILE = YES;
				IPHONEOS_DEPLOYMENT_TARGET = 16.2;
				MARKETING_VERSION = 1.0;
				PRODUCT_BUNDLE_IDENTIFIER = com.madebyhive.SplashyTests;
				PRODUCT_NAME = "$(TARGET_NAME)";
				SWIFT_EMIT_LOC_STRINGS = NO;
				SWIFT_VERSION = 5.0;
				TARGETED_DEVICE_FAMILY = "1,2";
				TEST_HOST = "$(BUILT_PRODUCTS_DIR)/Splashy.app/$(BUNDLE_EXECUTABLE_FOLDER_PATH)/Splashy";
			};
			name = Release;
		};
		F31D8BBB297063970072A5DF /* Debug */ = {
			isa = XCBuildConfiguration;
			buildSettings = {
				ALWAYS_EMBED_SWIFT_STANDARD_LIBRARIES = YES;
				CODE_SIGN_STYLE = Automatic;
				CURRENT_PROJECT_VERSION = 1;
				GENERATE_INFOPLIST_FILE = YES;
				MARKETING_VERSION = 1.0;
				PRODUCT_BUNDLE_IDENTIFIER = com.madebyhive.SplashyUITests;
				PRODUCT_NAME = "$(TARGET_NAME)";
				SWIFT_EMIT_LOC_STRINGS = NO;
				SWIFT_VERSION = 5.0;
				TARGETED_DEVICE_FAMILY = "1,2";
				TEST_TARGET_NAME = Splashy;
			};
			name = Debug;
		};
		F31D8BBC297063970072A5DF /* Release */ = {
			isa = XCBuildConfiguration;
			buildSettings = {
				ALWAYS_EMBED_SWIFT_STANDARD_LIBRARIES = YES;
				CODE_SIGN_STYLE = Automatic;
				CURRENT_PROJECT_VERSION = 1;
				GENERATE_INFOPLIST_FILE = YES;
				MARKETING_VERSION = 1.0;
				PRODUCT_BUNDLE_IDENTIFIER = com.madebyhive.SplashyUITests;
				PRODUCT_NAME = "$(TARGET_NAME)";
				SWIFT_EMIT_LOC_STRINGS = NO;
				SWIFT_VERSION = 5.0;
				TARGETED_DEVICE_FAMILY = "1,2";
				TEST_TARGET_NAME = Splashy;
			};
			name = Release;
		};
/* End XCBuildConfiguration section */

/* Begin XCConfigurationList section */
		F31D8B8B297063940072A5DF /* Build configuration list for PBXProject "Splashy" */ = {
			isa = XCConfigurationList;
			buildConfigurations = (
				F31D8BB2297063970072A5DF /* Debug */,
				F31D8BB3297063970072A5DF /* Release */,
			);
			defaultConfigurationIsVisible = 0;
			defaultConfigurationName = Release;
		};
		F31D8BB4297063970072A5DF /* Build configuration list for PBXNativeTarget "Splashy" */ = {
			isa = XCConfigurationList;
			buildConfigurations = (
				F31D8BB5297063970072A5DF /* Debug */,
				F31D8BB6297063970072A5DF /* Release */,
			);
			defaultConfigurationIsVisible = 0;
			defaultConfigurationName = Release;
		};
		F31D8BB7297063970072A5DF /* Build configuration list for PBXNativeTarget "SplashyTests" */ = {
			isa = XCConfigurationList;
			buildConfigurations = (
				F31D8BB8297063970072A5DF /* Debug */,
				F31D8BB9297063970072A5DF /* Release */,
			);
			defaultConfigurationIsVisible = 0;
			defaultConfigurationName = Release;
		};
		F31D8BBA297063970072A5DF /* Build configuration list for PBXNativeTarget "SplashyUITests" */ = {
			isa = XCConfigurationList;
			buildConfigurations = (
				F31D8BBB297063970072A5DF /* Debug */,
				F31D8BBC297063970072A5DF /* Release */,
			);
			defaultConfigurationIsVisible = 0;
			defaultConfigurationName = Release;
		};
/* End XCConfigurationList section */
	};
	rootObject = F31D8B88297063940072A5DF /* Project object */;
}
